
Microsoft Visual Studio Solution File, Format Version 12.00
# Visual Studio Version 17
VisualStudioVersion = 17.8.34511.84
MinimumVisualStudioVersion = 10.0.40219.1
Project("{9A19103F-16F7-4668-BE54-9A1E7A4F7556}") = "ChallengeApp", "ChallengeApp\ChallengeApp.csproj", "{7691E653-B23E-4D7C-9E0C-97B2DD1827C1}"
EndProject
Project("{2150E333-8FDC-42A3-9474-1A3956D46DE8}") = "Elementy rozwiązania", "Elementy rozwiązania", "{699CF9F7-A632-48BB-A81D-9DF67128F5EB}"
EndProject
Global
	GlobalSection(SolutionConfigurationPlatforms) = preSolution
		Debug|Any CPU = Debug|Any CPU
		Release|Any CPU = Release|Any CPU
	EndGlobalSection
	GlobalSection(ProjectConfigurationPlatforms) = postSolution
		{7691E653-B23E-4D7C-9E0C-97B2DD1827C1}.Debug|Any CPU.ActiveCfg = Debug|Any CPU
		{7691E653-B23E-4D7C-9E0C-97B2DD1827C1}.Debug|Any CPU.Build.0 = Debug|Any CPU
		{7691E653-B23E-4D7C-9E0C-97B2DD1827C1}.Release|Any CPU.ActiveCfg = Release|Any CPU
		{7691E653-B23E-4D7C-9E0C-97B2DD1827C1}.Release|Any CPU.Build.0 = Release|Any CPU
	EndGlobalSection
	GlobalSection(SolutionProperties) = preSolution
		HideSolutionNode = FALSE
	EndGlobalSection
	GlobalSection(ExtensibilityGlobals) = postSolution
		SolutionGuid = {561CBA04-1BCD-484B-9C44-64D1DF9A209B}
	EndGlobalSection
EndGlobal
